
Microsoft Visual Studio Solution File, Format Version 12.00
# Visual Studio 15
VisualStudioVersion = 15.0.28307.271
MinimumVisualStudioVersion = 10.0.40219.1
Project("{FAE04EC0-301F-11D3-BF4B-00C04F79EFBC}") = "AzureFunctionEventGrid", "AzureFunctionEventGrid\AzureFunctionEventGrid.csproj", "{F7ABCE5F-B330-444C-B362-2443D9ADD504}"
EndProject
Global
	GlobalSection(SolutionConfigurationPlatforms) = preSolution
		Debug|Any CPU = Debug|Any CPU
		Release|Any CPU = Release|Any CPU
	EndGlobalSection
	GlobalSection(ProjectConfigurationPlatforms) = postSolution
		{F7ABCE5F-B330-444C-B362-2443D9ADD504}.Debug|Any CPU.ActiveCfg = Debug|Any CPU
		{F7ABCE5F-B330-444C-B362-2443D9ADD504}.Debug|Any CPU.Build.0 = Debug|Any CPU
		{F7ABCE5F-B330-444C-B362-2443D9ADD504}.Release|Any CPU.ActiveCfg = Release|Any CPU
		{F7ABCE5F-B330-444C-B362-2443D9ADD504}.Release|Any CPU.Build.0 = Release|Any CPU
	EndGlobalSection
	GlobalSection(SolutionProperties) = preSolution
		HideSolutionNode = FALSE
	EndGlobalSection
	GlobalSection(ExtensibilityGlobals) = postSolution
		SolutionGuid = {812B7416-4F7B-46B6-AE5B-EBA1BEB24D46}
	EndGlobalSection
EndGlobal
